
Microsoft Visual Studio Solution File, Format Version 12.00
# Visual Studio Version 17
VisualStudioVersion = 17.4.33205.214
MinimumVisualStudioVersion = 10.0.40219.1
Project("{FAE04EC0-301F-11D3-BF4B-00C04F79EFBC}") = "AdoNetLib", "AdoNetLib\AdoNetLib.csproj", "{C2A55C43-A188-4DEE-8D6E-6BD486191CEA}"
EndProject
Project("{FAE04EC0-301F-11D3-BF4B-00C04F79EFBC}") = "AdoNetConsole", "AdoNetConsole\AdoNetConsole.csproj", "{75CC4473-A33A-4C77-BCBB-E6891137226F}"
EndProject
Global
	GlobalSection(SolutionConfigurationPlatforms) = preSolution
		Debug|Any CPU = Debug|Any CPU
		Release|Any CPU = Release|Any CPU
	EndGlobalSection
	GlobalSection(ProjectConfigurationPlatforms) = postSolution
		{C2A55C43-A188-4DEE-8D6E-6BD486191CEA}.Debug|Any CPU.ActiveCfg = Debug|Any CPU
		{C2A55C43-A188-4DEE-8D6E-6BD486191CEA}.Debug|Any CPU.Build.0 = Debug|Any CPU
		{C2A55C43-A188-4DEE-8D6E-6BD486191CEA}.Release|Any CPU.ActiveCfg = Release|Any CPU
		{C2A55C43-A188-4DEE-8D6E-6BD486191CEA}.Release|Any CPU.Build.0 = Release|Any CPU
		{75CC4473-A33A-4C77-BCBB-E6891137226F}.Debug|Any CPU.ActiveCfg = Debug|Any CPU
		{75CC4473-A33A-4C77-BCBB-E6891137226F}.Debug|Any CPU.Build.0 = Debug|Any CPU
		{75CC4473-A33A-4C77-BCBB-E6891137226F}.Release|Any CPU.ActiveCfg = Release|Any CPU
		{75CC4473-A33A-4C77-BCBB-E6891137226F}.Release|Any CPU.Build.0 = Release|Any CPU
	EndGlobalSection
	GlobalSection(SolutionProperties) = preSolution
		HideSolutionNode = FALSE
	EndGlobalSection
	GlobalSection(ExtensibilityGlobals) = postSolution
		SolutionGuid = {7D8C0E27-5F55-408F-BDEB-F09E9D7EF10A}
	EndGlobalSection
EndGlobal
